
Microsoft Visual Studio Solution File, Format Version 12.00
# Visual Studio Version 16
VisualStudioVersion = 16.0.29230.47
MinimumVisualStudioVersion = 10.0.40219.1
Project("{FAE04EC0-301F-11D3-BF4B-00C04F79EFBC}") = "MessageEncoder", "MessageEncoder.csproj", "{4264291D-A940-48D7-AD7B-52E1EF5274FD}"
EndProject
Global
	GlobalSection(SolutionConfigurationPlatforms) = preSolution
		Debug|Any CPU = Debug|Any CPU
		Release|Any CPU = Release|Any CPU
	EndGlobalSection
	GlobalSection(ProjectConfigurationPlatforms) = postSolution
		{4264291D-A940-48D7-AD7B-52E1EF5274FD}.Debug|Any CPU.ActiveCfg = Debug|Any CPU
		{4264291D-A940-48D7-AD7B-52E1EF5274FD}.Debug|Any CPU.Build.0 = Debug|Any CPU
		{4264291D-A940-48D7-AD7B-52E1EF5274FD}.Release|Any CPU.ActiveCfg = Release|Any CPU
		{4264291D-A940-48D7-AD7B-52E1EF5274FD}.Release|Any CPU.Build.0 = Release|Any CPU
	EndGlobalSection
	GlobalSection(SolutionProperties) = preSolution
		HideSolutionNode = FALSE
	EndGlobalSection
	GlobalSection(ExtensibilityGlobals) = postSolution
		SolutionGuid = {519023A3-5075-4617-AAB4-AD8EDCEF2728}
	EndGlobalSection
EndGlobal
